// !$*UTF8*$!
{
	archiveVersion = 1;
	classes = {
	};
	objectVersion = 55;
	objects = {

/* Begin PBXBuildFile section */
		366ACEFF28B836130003FC51 /* AppDelegate.swift in Sources */ = {isa = PBXBuildFile; fileRef = 366ACEFE28B836130003FC51 /* AppDelegate.swift */; };
		366ACF0128B836130003FC51 /* SceneDelegate.swift in Sources */ = {isa = PBXBuildFile; fileRef = 366ACF0028B836130003FC51 /* SceneDelegate.swift */; };
		366ACF0328B836130003FC51 /* ViewController.swift in Sources */ = {isa = PBXBuildFile; fileRef = 366ACF0228B836130003FC51 /* ViewController.swift */; };
		366ACF0628B836130003FC51 /* Main.storyboard in Resources */ = {isa = PBXBuildFile; fileRef = 366ACF0428B836130003FC51 /* Main.storyboard */; };
		366ACF0828B836160003FC51 /* Assets.xcassets in Resources */ = {isa = PBXBuildFile; fileRef = 366ACF0728B836160003FC51 /* Assets.xcassets */; };
		366ACF0B28B836160003FC51 /* LaunchScreen.storyboard in Resources */ = {isa = PBXBuildFile; fileRef = 366ACF0928B836160003FC51 /* LaunchScreen.storyboard */; };
		366ACF1628B836170003FC51 /* GuessTheNumberTests.swift in Sources */ = {isa = PBXBuildFile; fileRef = 366ACF1528B836170003FC51 /* GuessTheNumberTests.swift */; };
		366ACF2028B836170003FC51 /* GuessTheNumberUITests.swift in Sources */ = {isa = PBXBuildFile; fileRef = 366ACF1F28B836170003FC51 /* GuessTheNumberUITests.swift */; };
		366ACF2228B836170003FC51 /* GuessTheNumberUITestsLaunchTests.swift in Sources */ = {isa = PBXBuildFile; fileRef = 366ACF2128B836170003FC51 /* GuessTheNumberUITestsLaunchTests.swift */; };
		366ACF2F28B8368C0003FC51 /* SecondVC.swift in Sources */ = {isa = PBXBuildFile; fileRef = 366ACF2E28B8368C0003FC51 /* SecondVC.swift */; };
		366ACF3128B836A10003FC51 /* ThirdVC.swift in Sources */ = {isa = PBXBuildFile; fileRef = 366ACF3028B836A10003FC51 /* ThirdVC.swift */; };
/* End PBXBuildFile section */

/* Begin PBXContainerItemProxy section */
		366ACF1228B836170003FC51 /* PBXContainerItemProxy */ = {
			isa = PBXContainerItemProxy;
			containerPortal = 366ACEF328B836130003FC51 /* Project object */;
			proxyType = 1;
			remoteGlobalIDString = 366ACEFA28B836130003FC51;
			remoteInfo = GuessTheNumber;
		};
		366ACF1C28B836170003FC51 /* PBXContainerItemProxy */ = {
			isa = PBXContainerItemProxy;
			containerPortal = 366ACEF328B836130003FC51 /* Project object */;
			proxyType = 1;
			remoteGlobalIDString = 366ACEFA28B836130003FC51;
			remoteInfo = GuessTheNumber;
		};
/* End PBXContainerItemProxy section */

/* Begin PBXFileReference section */
		366ACEFB28B836130003FC51 /* GuessTheNumber.app */ = {isa = PBXFileReference; explicitFileType = wrapper.application; includeInIndex = 0; path = GuessTheNumber.app; sourceTree = BUILT_PRODUCTS_DIR; };
		366ACEFE28B836130003FC51 /* AppDelegate.swift */ = {isa = PBXFileReference; lastKnownFileType = sourcecode.swift; path = AppDelegate.swift; sourceTree = "<group>"; };
		366ACF0028B836130003FC51 /* SceneDelegate.swift */ = {isa = PBXFileReference; lastKnownFileType = sourcecode.swift; path = SceneDelegate.swift; sourceTree = "<group>"; };
		366ACF0228B836130003FC51 /* ViewController.swift */ = {isa = PBXFileReference; lastKnownFileType = sourcecode.swift; path = ViewController.swift; sourceTree = "<group>"; };
		366ACF0528B836130003FC51 /* Base */ = {isa = PBXFileReference; lastKnownFileType = file.storyboard; name = Base; path = Base.lproj/Main.storyboard; sourceTree = "<group>"; };
		366ACF0728B836160003FC51 /* Assets.xcassets */ = {isa = PBXFileReference; lastKnownFileType = folder.assetcatalog; path = Assets.xcassets; sourceTree = "<group>"; };
		366ACF0A28B836160003FC51 /* Base */ = {isa = PBXFileReference; lastKnownFileType = file.storyboard; name = Base; path = Base.lproj/LaunchScreen.storyboard; sourceTree = "<group>"; };
		366ACF0C28B836160003FC51 /* Info.plist */ = {isa = PBXFileReference; lastKnownFileType = text.plist.xml; path = Info.plist; sourceTree = "<group>"; };
		366ACF1128B836170003FC51 /* GuessTheNumberTests.xctest */ = {isa = PBXFileReference; explicitFileType = wrapper.cfbundle; includeInIndex = 0; path = GuessTheNumberTests.xctest; sourceTree = BUILT_PRODUCTS_DIR; };
		366ACF1528B836170003FC51 /* GuessTheNumberTests.swift */ = {isa = PBXFileReference; lastKnownFileType = sourcecode.swift; path = GuessTheNumberTests.swift; sourceTree = "<group>"; };
		366ACF1B28B836170003FC51 /* GuessTheNumberUITests.xctest */ = {isa = PBXFileReference; explicitFileType = wrapper.cfbundle; includeInIndex = 0; path = GuessTheNumberUITests.xctest; sourceTree = BUILT_PRODUCTS_DIR; };
		366ACF1F28B836170003FC51 /* GuessTheNumberUITests.swift */ = {isa = PBXFileReference; lastKnownFileType = sourcecode.swift; path = GuessTheNumberUITests.swift; sourceTree = "<group>"; };
		366ACF2128B836170003FC51 /* GuessTheNumberUITestsLaunchTests.swift */ = {isa = PBXFileReference; lastKnownFileType = sourcecode.swift; path = GuessTheNumberUITestsLaunchTests.swift; sourceTree = "<group>"; };
		366ACF2E28B8368C0003FC51 /* SecondVC.swift */ = {isa = PBXFileReference; lastKnownFileType = sourcecode.swift; path = SecondVC.swift; sourceTree = "<group>"; };
		366ACF3028B836A10003FC51 /* ThirdVC.swift */ = {isa = PBXFileReference; lastKnownFileType = sourcecode.swift; path = ThirdVC.swift; sourceTree = "<group>"; };
/* End PBXFileReference section */

/* Begin PBXFrameworksBuildPhase section */
		366ACEF828B836130003FC51 /* Frameworks */ = {
			isa = PBXFrameworksBuildPhase;
			buildActionMask = 2147483647;
			files = (
			);
			runOnlyForDeploymentPostprocessing = 0;
		};
		366ACF0E28B836170003FC51 /* Frameworks */ = {
			isa = PBXFrameworksBuildPhase;
			buildActionMask = 2147483647;
			files = (
			);
			runOnlyForDeploymentPostprocessing = 0;
		};
		366ACF1828B836170003FC51 /* Frameworks */ = {
			isa = PBXFrameworksBuildPhase;
			buildActionMask = 2147483647;
			files = (
			);
			runOnlyForDeploymentPostprocessing = 0;
		};
/* End PBXFrameworksBuildPhase section */

/* Begin PBXGroup section */
		366ACEF228B836130003FC51 = {
			isa = PBXGroup;
			children = (
				366ACEFD28B836130003FC51 /* GuessTheNumber */,
				366ACF1428B836170003FC51 /* GuessTheNumberTests */,
				366ACF1E28B836170003FC51 /* GuessTheNumberUITests */,
				366ACEFC28B836130003FC51 /* Products */,
			);
			sourceTree = "<group>";
		};
		366ACEFC28B836130003FC51 /* Products */ = {
			isa = PBXGroup;
			children = (
				366ACEFB28B836130003FC51 /* GuessTheNumber.app */,
				366ACF1128B836170003FC51 /* GuessTheNumberTests.xctest */,
				366ACF1B28B836170003FC51 /* GuessTheNumberUITests.xctest */,
			);
			name = Products;
			sourceTree = "<group>";
		};
		366ACEFD28B836130003FC51 /* GuessTheNumber */ = {
			isa = PBXGroup;
			children = (
				366ACEFE28B836130003FC51 /* AppDelegate.swift */,
				366ACF0028B836130003FC51 /* SceneDelegate.swift */,
				366ACF0228B836130003FC51 /* ViewController.swift */,
				366ACF2E28B8368C0003FC51 /* SecondVC.swift */,
				366ACF3028B836A10003FC51 /* ThirdVC.swift */,
				366ACF0428B836130003FC51 /* Main.storyboard */,
				366ACF0728B836160003FC51 /* Assets.xcassets */,
				366ACF0928B836160003FC51 /* LaunchScreen.storyboard */,
				366ACF0C28B836160003FC51 /* Info.plist */,
			);
			path = GuessTheNumber;
			sourceTree = "<group>";
		};
		366ACF1428B836170003FC51 /* GuessTheNumberTests */ = {
			isa = PBXGroup;
			children = (
				366ACF1528B836170003FC51 /* GuessTheNumberTests.swift */,
			);
			path = GuessTheNumberTests;
			sourceTree = "<group>";
		};
		366ACF1E28B836170003FC51 /* GuessTheNumberUITests */ = {
			isa = PBXGroup;
			children = (
				366ACF1F28B836170003FC51 /* GuessTheNumberUITests.swift */,
				366ACF2128B836170003FC51 /* GuessTheNumberUITestsLaunchTests.swift */,
			);
			path = GuessTheNumberUITests;
			sourceTree = "<group>";
		};
/* End PBXGroup section */

/* Begin PBXNativeTarget section */
		366ACEFA28B836130003FC51 /* GuessTheNumber */ = {
			isa = PBXNativeTarget;
			buildConfigurationList = 366ACF2528B836170003FC51 /* Build configuration list for PBXNativeTarget "GuessTheNumber" */;
			buildPhases = (
				366ACEF728B836130003FC51 /* Sources */,
				366ACEF828B836130003FC51 /* Frameworks */,
				366ACEF928B836130003FC51 /* Resources */,
			);
			buildRules = (
			);
			dependencies = (
			);
			name = GuessTheNumber;
			productName = GuessTheNumber;
			productReference = 366ACEFB28B836130003FC51 /* GuessTheNumber.app */;
			productType = "com.apple.product-type.application";
		};
		366ACF1028B836170003FC51 /* GuessTheNumberTests */ = {
			isa = PBXNativeTarget;
			buildConfigurationList = 366ACF2828B836170003FC51 /* Build configuration list for PBXNativeTarget "GuessTheNumberTests" */;
			buildPhases = (
				366ACF0D28B836170003FC51 /* Sources */,
				366ACF0E28B836170003FC51 /* Frameworks */,
				366ACF0F28B836170003FC51 /* Resources */,
			);
			buildRules = (
			);
			dependencies = (
				366ACF1328B836170003FC51 /* PBXTargetDependency */,
			);
			name = GuessTheNumberTests;
			productName = GuessTheNumberTests;
			productReference = 366ACF1128B836170003FC51 /* GuessTheNumberTests.xctest */;
			productType = "com.apple.product-type.bundle.unit-test";
		};
		366ACF1A28B836170003FC51 /* GuessTheNumberUITests */ = {
			isa = PBXNativeTarget;
			buildConfigurationList = 366ACF2B28B836170003FC51 /* Build configuration list for PBXNativeTarget "GuessTheNumberUITests" */;
			buildPhases = (
				366ACF1728B836170003FC51 /* Sources */,
				366ACF1828B836170003FC51 /* Frameworks */,
				366ACF1928B836170003FC51 /* Resources */,
			);
			buildRules = (
			);
			dependencies = (
				366ACF1D28B836170003FC51 /* PBXTargetDependency */,
			);
			name = GuessTheNumberUITests;
			productName = GuessTheNumberUITests;
			productReference = 366ACF1B28B836170003FC51 /* GuessTheNumberUITests.xctest */;
			productType = "com.apple.product-type.bundle.ui-testing";
		};
/* End PBXNativeTarget section */

/* Begin PBXProject section */
		366ACEF328B836130003FC51 /* Project object */ = {
			isa = PBXProject;
			attributes = {
				BuildIndependentTargetsInParallel = 1;
				LastSwiftUpdateCheck = 1340;
				LastUpgradeCheck = 1340;
				TargetAttributes = {
					366ACEFA28B836130003FC51 = {
						CreatedOnToolsVersion = 13.4.1;
					};
					366ACF1028B836170003FC51 = {
						CreatedOnToolsVersion = 13.4.1;
						TestTargetID = 366ACEFA28B836130003FC51;
					};
					366ACF1A28B836170003FC51 = {
						CreatedOnToolsVersion = 13.4.1;
						TestTargetID = 366ACEFA28B836130003FC51;
					};
				};
			};
			buildConfigurationList = 366ACEF628B836130003FC51 /* Build configuration list for PBXProject "GuessTheNumber" */;
			compatibilityVersion = "Xcode 13.0";
			developmentRegion = en;
			hasScannedForEncodings = 0;
			knownRegions = (
				en,
				Base,
			);
			mainGroup = 366ACEF228B836130003FC51;
			productRefGroup = 366ACEFC28B836130003FC51 /* Products */;
			projectDirPath = "";
			projectRoot = "";
			targets = (
				366ACEFA28B836130003FC51 /* GuessTheNumber */,
				366ACF1028B836170003FC51 /* GuessTheNumberTests */,
				366ACF1A28B836170003FC51 /* GuessTheNumberUITests */,
			);
		};
/* End PBXProject section */

/* Begin PBXResourcesBuildPhase section */
		366ACEF928B836130003FC51 /* Resources */ = {
			isa = PBXResourcesBuildPhase;
			buildActionMask = 2147483647;
			files = (
				366ACF0B28B836160003FC51 /* LaunchScreen.storyboard in Resources */,
				366ACF0828B836160003FC51 /* Assets.xcassets in Resources */,
				366ACF0628B836130003FC51 /* Main.storyboard in Resources */,
			);
			runOnlyForDeploymentPostprocessing = 0;
		};
		366ACF0F28B836170003FC51 /* Resources */ = {
			isa = PBXResourcesBuildPhase;
			buildActionMask = 2147483647;
			files = (
			);
			runOnlyForDeploymentPostprocessing = 0;
		};
		366ACF1928B836170003FC51 /* Resources */ = {
			isa = PBXResourcesBuildPhase;
			buildActionMask = 2147483647;
			files = (
			);
			runOnlyForDeploymentPostprocessing = 0;
		};
/* End PBXResourcesBuildPhase section */

/* Begin PBXSourcesBuildPhase section */
		366ACEF728B836130003FC51 /* Sources */ = {
			isa = PBXSourcesBuildPhase;
			buildActionMask = 2147483647;
			files = (
				366ACF0328B836130003FC51 /* ViewController.swift in Sources */,
				366ACEFF28B836130003FC51 /* AppDelegate.swift in Sources */,
				366ACF2F28B8368C0003FC51 /* SecondVC.swift in Sources */,
				366ACF0128B836130003FC51 /* SceneDelegate.swift in Sources */,
				366ACF3128B836A10003FC51 /* ThirdVC.swift in Sources */,
			);
			runOnlyForDeploymentPostprocessing = 0;
		};
		366ACF0D28B836170003FC51 /* Sources */ = {
			isa = PBXSourcesBuildPhase;
			buildActionMask = 2147483647;
			files = (
				366ACF1628B836170003FC51 /* GuessTheNumberTests.swift in Sources */,
			);
			runOnlyForDeploymentPostprocessing = 0;
		};
		366ACF1728B836170003FC51 /* Sources */ = {
			isa = PBXSourcesBuildPhase;
			buildActionMask = 2147483647;
			files = (
				366ACF2028B836170003FC51 /* GuessTheNumberUITests.swift in Sources */,
				366ACF2228B836170003FC51 /* GuessTheNumberUITestsLaunchTests.swift in Sources */,
			);
			runOnlyForDeploymentPostprocessing = 0;
		};
/* End PBXSourcesBuildPhase section */

/* Begin PBXTargetDependency section */
		366ACF1328B836170003FC51 /* PBXTargetDependency */ = {
			isa = PBXTargetDependency;
			target = 366ACEFA28B836130003FC51 /* GuessTheNumber */;
			targetProxy = 366ACF1228B836170003FC51 /* PBXContainerItemProxy */;
		};
		366ACF1D28B836170003FC51 /* PBXTargetDependency */ = {
			isa = PBXTargetDependency;
			target = 366ACEFA28B836130003FC51 /* GuessTheNumber */;
			targetProxy = 366ACF1C28B836170003FC51 /* PBXContainerItemProxy */;
		};
/* End PBXTargetDependency section */

/* Begin PBXVariantGroup section */
		366ACF0428B836130003FC51 /* Main.storyboard */ = {
			isa = PBXVariantGroup;
			children = (
				366ACF0528B836130003FC51 /* Base */,
			);
			name = Main.storyboard;
			sourceTree = "<group>";
		};
		366ACF0928B836160003FC51 /* LaunchScreen.storyboard */ = {
			isa = PBXVariantGroup;
			children = (
				366ACF0A28B836160003FC51 /* Base */,
			);
			name = LaunchScreen.storyboard;
			sourceTree = "<group>";
		};
/* End PBXVariantGroup section */

/* Begin XCBuildConfiguration section */
		366ACF2328B836170003FC51 /* Debug */ = {
			isa = XCBuildConfiguration;
			buildSettings = {
				ALWAYS_SEARCH_USER_PATHS = NO;
				CLANG_ANALYZER_NONNULL = YES;
				CLANG_ANALYZER_NUMBER_OBJECT_CONVERSION = YES_AGGRESSIVE;
				CLANG_CXX_LANGUAGE_STANDARD = "gnu++17";
				CLANG_ENABLE_MODULES = YES;
				CLANG_ENABLE_OBJC_ARC = YES;
				CLANG_ENABLE_OBJC_WEAK = YES;
				CLANG_WARN_BLOCK_CAPTURE_AUTORELEASING = YES;
				CLANG_WARN_BOOL_CONVERSION = YES;
				CLANG_WARN_COMMA = YES;
				CLANG_WARN_CONSTANT_CONVERSION = YES;
				CLANG_WARN_DEPRECATED_OBJC_IMPLEMENTATIONS = YES;
				CLANG_WARN_DIRECT_OBJC_ISA_USAGE = YES_ERROR;
				CLANG_WARN_DOCUMENTATION_COMMENTS = YES;
				CLANG_WARN_EMPTY_BODY = YES;
				CLANG_WARN_ENUM_CONVERSION = YES;
				CLANG_WARN_INFINITE_RECURSION = YES;
				CLANG_WARN_INT_CONVERSION = YES;
				CLANG_WARN_NON_LITERAL_NULL_CONVERSION = YES;
				CLANG_WARN_OBJC_IMPLICIT_RETAIN_SELF = YES;
				CLANG_WARN_OBJC_LITERAL_CONVERSION = YES;
				CLANG_WARN_OBJC_ROOT_CLASS = YES_ERROR;
				CLANG_WARN_QUOTED_INCLUDE_IN_FRAMEWORK_HEADER = YES;
				CLANG_WARN_RANGE_LOOP_ANALYSIS = YES;
				CLANG_WARN_STRICT_PROTOTYPES = YES;
				CLANG_WARN_SUSPICIOUS_MOVE = YES;
				CLANG_WARN_UNGUARDED_AVAILABILITY = YES_AGGRESSIVE;
				CLANG_WARN_UNREACHABLE_CODE = YES;
				CLANG_WARN__DUPLICATE_METHOD_MATCH = YES;
				COPY_PHASE_STRIP = NO;
				DEBUG_INFORMATION_FORMAT = dwarf;
				ENABLE_STRICT_OBJC_MSGSEND = YES;
				ENABLE_TESTABILITY = YES;
				GCC_C_LANGUAGE_STANDARD = gnu11;
				GCC_DYNAMIC_NO_PIC = NO;
				GCC_NO_COMMON_BLOCKS = YES;
				GCC_OPTIMIZATION_LEVEL = 0;
				GCC_PREPROCESSOR_DEFINITIONS = (
					"DEBUG=1",
					"$(inherited)",
				);
				GCC_WARN_64_TO_32_BIT_CONVERSION = YES;
				GCC_WARN_ABOUT_RETURN_TYPE = YES_ERROR;
				GCC_WARN_UNDECLARED_SELECTOR = YES;
				GCC_WARN_UNINITIALIZED_AUTOS = YES_AGGRESSIVE;
				GCC_WARN_UNUSED_FUNCTION = YES;
				GCC_WARN_UNUSED_VARIABLE = YES;
				IPHONEOS_DEPLOYMENT_TARGET = 15.5;
				MTL_ENABLE_DEBUG_INFO = INCLUDE_SOURCE;
				MTL_FAST_MATH = YES;
				ONLY_ACTIVE_ARCH = YES;
				SDKROOT = iphoneos;
				SWIFT_ACTIVE_COMPILATION_CONDITIONS = DEBUG;
				SWIFT_OPTIMIZATION_LEVEL = "-Onone";
			};
			name = Debug;
		};
		366ACF2428B836170003FC51 /* Release */ = {
			isa = XCBuildConfiguration;
			buildSettings = {
				ALWAYS_SEARCH_USER_PATHS = NO;
				CLANG_ANALYZER_NONNULL = YES;
				CLANG_ANALYZER_NUMBER_OBJECT_CONVERSION = YES_AGGRESSIVE;
				CLANG_CXX_LANGUAGE_STANDARD = "gnu++17";
				CLANG_ENABLE_MODULES = YES;
				CLANG_ENABLE_OBJC_ARC = YES;
				CLANG_ENABLE_OBJC_WEAK = YES;
				CLANG_WARN_BLOCK_CAPTURE_AUTORELEASING = YES;
				CLANG_WARN_BOOL_CONVERSION = YES;
				CLANG_WARN_COMMA = YES;
				CLANG_WARN_CONSTANT_CONVERSION = YES;
				CLANG_WARN_DEPRECATED_OBJC_IMPLEMENTATIONS = YES;
				CLANG_WARN_DIRECT_OBJC_ISA_USAGE = YES_ERROR;
				CLANG_WARN_DOCUMENTATION_COMMENTS = YES;
				CLANG_WARN_EMPTY_BODY = YES;
				CLANG_WARN_ENUM_CONVERSION = YES;
				CLANG_WARN_INFINITE_RECURSION = YES;
				CLANG_WARN_INT_CONVERSION = YES;
				CLANG_WARN_NON_LITERAL_NULL_CONVERSION = YES;
				CLANG_WARN_OBJC_IMPLICIT_RETAIN_SELF = YES;
				CLANG_WARN_OBJC_LITERAL_CONVERSION = YES;
				CLANG_WARN_OBJC_ROOT_CLASS = YES_ERROR;
				CLANG_WARN_QUOTED_INCLUDE_IN_FRAMEWORK_HEADER = YES;
				CLANG_WARN_RANGE_LOOP_ANALYSIS = YES;
				CLANG_WARN_STRICT_PROTOTYPES = YES;
				CLANG_WARN_SUSPICIOUS_MOVE = YES;
				CLANG_WARN_UNGUARDED_AVAILABILITY = YES_AGGRESSIVE;
				CLANG_WARN_UNREACHABLE_CODE = YES;
				CLANG_WARN__DUPLICATE_METHOD_MATCH = YES;
				COPY_PHASE_STRIP = NO;
				DEBUG_INFORMATION_FORMAT = "dwarf-with-dsym";
				ENABLE_NS_ASSERTIONS = NO;
				ENABLE_STRICT_OBJC_MSGSEND = YES;
				GCC_C_LANGUAGE_STANDARD = gnu11;
				GCC_NO_COMMON_BLOCKS = YES;
				GCC_WARN_64_TO_32_BIT_CONVERSION = YES;
				GCC_WARN_ABOUT_RETURN_TYPE = YES_ERROR;
				GCC_WARN_UNDECLARED_SELECTOR = YES;
				GCC_WARN_UNINITIALIZED_AUTOS = YES_AGGRESSIVE;
				GCC_WARN_UNUSED_FUNCTION = YES;
				GCC_WARN_UNUSED_VARIABLE = YES;
				IPHONEOS_DEPLOYMENT_TARGET = 15.5;
				MTL_ENABLE_DEBUG_INFO = NO;
				MTL_FAST_MATH = YES;
				SDKROOT = iphoneos;
				SWIFT_COMPILATION_MODE = wholemodule;
				SWIFT_OPTIMIZATION_LEVEL = "-O";
				VALIDATE_PRODUCT = YES;
			};
			name = Release;
		};
		366ACF2628B836170003FC51 /* Debug */ = {
			isa = XCBuildConfiguration;
			buildSettings = {
				ASSETCATALOG_COMPILER_APPICON_NAME = AppIcon;
				ASSETCATALOG_COMPILER_GLOBAL_ACCENT_COLOR_NAME = AccentColor;
				CODE_SIGN_STYLE = Automatic;
				CURRENT_PROJECT_VERSION = 1;
				DEVELOPMENT_TEAM = 542DV5ZRQS;
				GENERATE_INFOPLIST_FILE = YES;
				INFOPLIST_FILE = GuessTheNumber/Info.plist;
				INFOPLIST_KEY_UIApplicationSupportsIndirectInputEvents = YES;
				INFOPLIST_KEY_UILaunchStoryboardName = LaunchScreen;
				INFOPLIST_KEY_UIMainStoryboardFile = Main;
				INFOPLIST_KEY_UISupportedInterfaceOrientations_iPad = "UIInterfaceOrientationPortrait UIInterfaceOrientationPortraitUpsideDown UIInterfaceOrientationLandscapeLeft UIInterfaceOrientationLandscapeRight";
				INFOPLIST_KEY_UISupportedInterfaceOrientations_iPhone = "UIInterfaceOrientationPortrait UIInterfaceOrientationLandscapeLeft UIInterfaceOrientationLandscapeRight";
				LD_RUNPATH_SEARCH_PATHS = (
					"$(inherited)",
					"@executable_path/Frameworks",
				);
				MARKETING_VERSION = 1.0;
				PRODUCT_BUNDLE_IDENTIFIER = com.cuneytercel.GuessTheNumber;
				PRODUCT_NAME = "$(TARGET_NAME)";
				SWIFT_EMIT_LOC_STRINGS = YES;
				SWIFT_VERSION = 5.0;
				TARGETED_DEVICE_FAMILY = "1,2";
			};
			name = Debug;
		};
		366ACF2728B836170003FC51 /* Release */ = {
			isa = XCBuildConfiguration;
			buildSettings = {
				ASSETCATALOG_COMPILER_APPICON_NAME = AppIcon;
				ASSETCATALOG_COMPILER_GLOBAL_ACCENT_COLOR_NAME = AccentColor;
				CODE_SIGN_STYLE = Automatic;
				CURRENT_PROJECT_VERSION = 1;
				DEVELOPMENT_TEAM = 542DV5ZRQS;
				GENERATE_INFOPLIST_FILE = YES;
				INFOPLIST_FILE = GuessTheNumber/Info.plist;
				INFOPLIST_KEY_UIApplicationSupportsIndirectInputEvents = YES;
				INFOPLIST_KEY_UILaunchStoryboardName = LaunchScreen;
				INFOPLIST_KEY_UIMainStoryboardFile = Main;
				INFOPLIST_KEY_UISupportedInterfaceOrientations_iPad = "UIInterfaceOrientationPortrait UIInterfaceOrientationPortraitUpsideDown UIInterfaceOrientationLandscapeLeft UIInterfaceOrientationLandscapeRight";
				INFOPLIST_KEY_UISupportedInterfaceOrientations_iPhone = "UIInterfaceOrientationPortrait UIInterfaceOrientationLandscapeLeft UIInterfaceOrientationLandscapeRight";
				LD_RUNPATH_SEARCH_PATHS = (
					"$(inherited)",
					"@executable_path/Frameworks",
				);
				MARKETING_VERSION = 1.0;
				PRODUCT_BUNDLE_IDENTIFIER = com.cuneytercel.GuessTheNumber;
				PRODUCT_NAME = "$(TARGET_NAME)";
				SWIFT_EMIT_LOC_STRINGS = YES;
				SWIFT_VERSION = 5.0;
				TARGETED_DEVICE_FAMILY = "1,2";
			};
			name = Release;
		};
		366ACF2928B836170003FC51 /* Debug */ = {
			isa = XCBuildConfiguration;
			buildSettings = {
				ALWAYS_EMBED_SWIFT_STANDARD_LIBRARIES = YES;
				BUNDLE_LOADER = "$(TEST_HOST)";
				CODE_SIGN_STYLE = Automatic;
				CURRENT_PROJECT_VERSION = 1;
				DEVELOPMENT_TEAM = 542DV5ZRQS;
				GENERATE_INFOPLIST_FILE = YES;
				IPHONEOS_DEPLOYMENT_TARGET = 15.5;
				MARKETING_VERSION = 1.0;
				PRODUCT_BUNDLE_IDENTIFIER = com.cuneytercel.GuessTheNumberTests;
				PRODUCT_NAME = "$(TARGET_NAME)";
				SWIFT_EMIT_LOC_STRINGS = NO;
				SWIFT_VERSION = 5.0;
				TARGETED_DEVICE_FAMILY = "1,2";
				TEST_HOST = "$(BUILT_PRODUCTS_DIR)/GuessTheNumber.app/GuessTheNumber";
			};
			name = Debug;
		};
		366ACF2A28B836170003FC51 /* Release */ = {
			isa = XCBuildConfiguration;
			buildSettings = {
				ALWAYS_EMBED_SWIFT_STANDARD_LIBRARIES = YES;
				BUNDLE_LOADER = "$(TEST_HOST)";
				CODE_SIGN_STYLE = Automatic;
				CURRENT_PROJECT_VERSION = 1;
				DEVELOPMENT_TEAM = 542DV5ZRQS;
				GENERATE_INFOPLIST_FILE = YES;
				IPHONEOS_DEPLOYMENT_TARGET = 15.5;
				MARKETING_VERSION = 1.0;
				PRODUCT_BUNDLE_IDENTIFIER = com.cuneytercel.GuessTheNumberTests;
				PRODUCT_NAME = "$(TARGET_NAME)";
				SWIFT_EMIT_LOC_STRINGS = NO;
				SWIFT_VERSION = 5.0;
				TARGETED_DEVICE_FAMILY = "1,2";
				TEST_HOST = "$(BUILT_PRODUCTS_DIR)/GuessTheNumber.app/GuessTheNumber";
			};
			name = Release;
		};
		366ACF2C28B836170003FC51 /* Debug */ = {
			isa = XCBuildConfiguration;
			buildSettings = {
				ALWAYS_EMBED_SWIFT_STANDARD_LIBRARIES = YES;
				CODE_SIGN_STYLE = Automatic;
				CURRENT_PROJECT_VERSION = 1;
				DEVELOPMENT_TEAM = 542DV5ZRQS;
				GENERATE_INFOPLIST_FILE = YES;
				MARKETING_VERSION = 1.0;
				PRODUCT_BUNDLE_IDENTIFIER = com.cuneytercel.GuessTheNumberUITests;
				PRODUCT_NAME = "$(TARGET_NAME)";
				SWIFT_EMIT_LOC_STRINGS = NO;
				SWIFT_VERSION = 5.0;
				TARGETED_DEVICE_FAMILY = "1,2";
				TEST_TARGET_NAME = GuessTheNumber;
			};
			name = Debug;
		};
		366ACF2D28B836170003FC51 /* Release */ = {
			isa = XCBuildConfiguration;
			buildSettings = {
				ALWAYS_EMBED_SWIFT_STANDARD_LIBRARIES = YES;
				CODE_SIGN_STYLE = Automatic;
				CURRENT_PROJECT_VERSION = 1;
				DEVELOPMENT_TEAM = 542DV5ZRQS;
				GENERATE_INFOPLIST_FILE = YES;
				MARKETING_VERSION = 1.0;
				PRODUCT_BUNDLE_IDENTIFIER = com.cuneytercel.GuessTheNumberUITests;
				PRODUCT_NAME = "$(TARGET_NAME)";
				SWIFT_EMIT_LOC_STRINGS = NO;
				SWIFT_VERSION = 5.0;
				TARGETED_DEVICE_FAMILY = "1,2";
				TEST_TARGET_NAME = GuessTheNumber;
			};
			name = Release;
		};
/* End XCBuildConfiguration section */

/* Begin XCConfigurationList section */
		366ACEF628B836130003FC51 /* Build configuration list for PBXProject "GuessTheNumber" */ = {
			isa = XCConfigurationList;
			buildConfigurations = (
				366ACF2328B836170003FC51 /* Debug */,
				366ACF2428B836170003FC51 /* Release */,
			);
			defaultConfigurationIsVisible = 0;
			defaultConfigurationName = Release;
		};
		366ACF2528B836170003FC51 /* Build configuration list for PBXNativeTarget "GuessTheNumber" */ = {
			isa = XCConfigurationList;
			buildConfigurations = (
				366ACF2628B836170003FC51 /* Debug */,
				366ACF2728B836170003FC51 /* Release */,
			);
			defaultConfigurationIsVisible = 0;
			defaultConfigurationName = Release;
		};
		366ACF2828B836170003FC51 /* Build configuration list for PBXNativeTarget "GuessTheNumberTests" */ = {
			isa = XCConfigurationList;
			buildConfigurations = (
				366ACF2928B836170003FC51 /* Debug */,
				366ACF2A28B836170003FC51 /* Release */,
			);
			defaultConfigurationIsVisible = 0;
			defaultConfigurationName = Release;
		};
		366ACF2B28B836170003FC51 /* Build configuration list for PBXNativeTarget "GuessTheNumberUITests" */ = {
			isa = XCConfigurationList;
			buildConfigurations = (
				366ACF2C28B836170003FC51 /* Debug */,
				366ACF2D28B836170003FC51 /* Release */,
			);
			defaultConfigurationIsVisible = 0;
			defaultConfigurationName = Release;
		};
/* End XCConfigurationList section */
	};
	rootObject = 366ACEF328B836130003FC51 /* Project object */;
}
